Microsoft Visual Studio Solution File, Format Version 12.00
# Visual Studio Version 17
VisualStudioVersion = 17.5.2.0
MinimumVisualStudioVersion = 10.0.40219.1
Project("{FAE04EC0-301F-11D3-BF4B-00C04F79EFBC}") = "Manajemen_Produk", "Manajemen_Produk.csproj", "{5CC46B81-B609-6E59-088A-8C102A0A95F7}"
EndProject
Global
	GlobalSection(SolutionConfigurationPlatforms) = preSolution
		Debug|Any CPU = Debug|Any CPU
		Release|Any CPU = Release|Any CPU
	EndGlobalSection
	GlobalSection(ProjectConfigurationPlatforms) = postSolution
		{5CC46B81-B609-6E59-088A-8C102A0A95F7}.Debug|Any CPU.ActiveCfg = Debug|Any CPU
		{5CC46B81-B609-6E59-088A-8C102A0A95F7}.Debug|Any CPU.Build.0 = Debug|Any CPU
		{5CC46B81-B609-6E59-088A-8C102A0A95F7}.Release|Any CPU.ActiveCfg = Release|Any CPU
		{5CC46B81-B609-6E59-088A-8C102A0A95F7}.Release|Any CPU.Build.0 = Release|Any CPU
	EndGlobalSection
	GlobalSection(SolutionProperties) = preSolution
		HideSolutionNode = FALSE
	EndGlobalSection
	GlobalSection(ExtensibilityGlobals) = postSolution
		SolutionGuid = {F199928F-2BA8-4608-94CA-B1B82764F84A}
	EndGlobalSection
EndGlobal
